// !$*UTF8*$!
{
	archiveVersion = 1;
	classes = {
	};
	objectVersion = 51;
	objects = {

/* Begin PBXBuildFile section */
		6A07E0FA27DB35E2002ED268 /* WalkthroughRoute.swift in Sources */ = {isa = PBXBuildFile; fileRef = 6A07E0F627DB35E2002ED268 /* WalkthroughRoute.swift */; };
		6A07E0FD27DB36C7002ED268 /* BaseViewController.swift in Sources */ = {isa = PBXBuildFile; fileRef = 6A07E0FC27DB36C7002ED268 /* BaseViewController.swift */; };
		6A07E0FF27DB36CC002ED268 /* BaseViewModel.swift in Sources */ = {isa = PBXBuildFile; fileRef = 6A07E0FE27DB36CC002ED268 /* BaseViewModel.swift */; };
		6A07E10427DB391B002ED268 /* WalkthroughRouter.swift in Sources */ = {isa = PBXBuildFile; fileRef = 6A07E10127DB391B002ED268 /* WalkthroughRouter.swift */; };
		6A07E10527DB391B002ED268 /* WalkthroughViewController.swift in Sources */ = {isa = PBXBuildFile; fileRef = 6A07E10227DB391B002ED268 /* WalkthroughViewController.swift */; };
		6A07E10627DB391B002ED268 /* WalkthroughViewModel.swift in Sources */ = {isa = PBXBuildFile; fileRef = 6A07E10327DB391B002ED268 /* WalkthroughViewModel.swift */; };
		6A07E12127DD564A002ED268 /* HomeRouter.swift in Sources */ = {isa = PBXBuildFile; fileRef = 6A07E11E27DD564A002ED268 /* HomeRouter.swift */; };
		6A07E12227DD564A002ED268 /* HomeViewController.swift in Sources */ = {isa = PBXBuildFile; fileRef = 6A07E11F27DD564A002ED268 /* HomeViewController.swift */; };
		6A07E12327DD564A002ED268 /* HomeViewModel.swift in Sources */ = {isa = PBXBuildFile; fileRef = 6A07E12027DD564A002ED268 /* HomeViewModel.swift */; };
		6A07E12527DD56A3002ED268 /* HomeRoute.swift in Sources */ = {isa = PBXBuildFile; fileRef = 6A07E12427DD56A3002ED268 /* HomeRoute.swift */; };
		6A07E12927DD6323002ED268 /* MainNavigationController.swift in Sources */ = {isa = PBXBuildFile; fileRef = 6A07E12827DD6323002ED268 /* MainNavigationController.swift */; };
		6A07E12D27DD66FB002ED268 /* MainTabBarController.swift in Sources */ = {isa = PBXBuildFile; fileRef = 6A07E12C27DD66FB002ED268 /* MainTabBarController.swift */; };
		6A07E13027DD67BA002ED268 /* MainTabBarRoute.swift in Sources */ = {isa = PBXBuildFile; fileRef = 6A07E12F27DD67BA002ED268 /* MainTabBarRoute.swift */; };
		6A07E14527E0CF18002ED268 /* RecipesRouter.swift in Sources */ = {isa = PBXBuildFile; fileRef = 6A07E14227E0CF18002ED268 /* RecipesRouter.swift */; };
		6A07E14627E0CF18002ED268 /* RecipesViewController.swift in Sources */ = {isa = PBXBuildFile; fileRef = 6A07E14327E0CF18002ED268 /* RecipesViewController.swift */; };
		6A07E14727E0CF18002ED268 /* RecipesViewModel.swift in Sources */ = {isa = PBXBuildFile; fileRef = 6A07E14427E0CF18002ED268 /* RecipesViewModel.swift */; };
		6A07E14927E0CF47002ED268 /* RecipesRoute.swift in Sources */ = {isa = PBXBuildFile; fileRef = 6A07E14827E0CF47002ED268 /* RecipesRoute.swift */; };
		6A07E16827E205B5002ED268 /* ApiLogger.swift in Sources */ = {isa = PBXBuildFile; fileRef = 6A07E16727E205B5002ED268 /* ApiLogger.swift */; };
		6A07E16A27E20600002ED268 /* APIRequestInterceptor.swift in Sources */ = {isa = PBXBuildFile; fileRef = 6A07E16927E20600002ED268 /* APIRequestInterceptor.swift */; };
		6A07E16C27E2061F002ED268 /* DataProvider.swift in Sources */ = {isa = PBXBuildFile; fileRef = 6A07E16B27E2061F002ED268 /* DataProvider.swift */; };
		6A13E28C27D6417700AC93F0 /* DataProvider.framework in Frameworks */ = {isa = PBXBuildFile; fileRef = 6A13E28B27D6417700AC93F0 /* DataProvider.framework */; };
		6A13E28D27D6417700AC93F0 /* DataProvider.framework in Embed Frameworks */ = {isa = PBXBuildFile; fileRef = 6A13E28B27D6417700AC93F0 /* DataProvider.framework */; settings = {ATTRIBUTES = (CodeSignOnCopy, RemoveHeadersOnCopy, ); }; };
		6A13E29027D6417E00AC93F0 /* UIComponents.framework in Frameworks */ = {isa = PBXBuildFile; fileRef = 6A13E28F27D6417E00AC93F0 /* UIComponents.framework */; };
		6A13E29127D6417E00AC93F0 /* UIComponents.framework in Embed Frameworks */ = {isa = PBXBuildFile; fileRef = 6A13E28F27D6417E00AC93F0 /* UIComponents.framework */; settings = {ATTRIBUTES = (CodeSignOnCopy, RemoveHeadersOnCopy, ); }; };
		6A13E29327D6418600AC93F0 /* Utilities.framework in Frameworks */ = {isa = PBXBuildFile; fileRef = 6A13E29227D6418600AC93F0 /* Utilities.framework */; };
		6A13E29427D6418600AC93F0 /* Utilities.framework in Embed Frameworks */ = {isa = PBXBuildFile; fileRef = 6A13E29227D6418600AC93F0 /* Utilities.framework */; settings = {ATTRIBUTES = (CodeSignOnCopy, RemoveHeadersOnCopy, ); }; };
		6A13E2A027D648FE00AC93F0 /* PushTransition.swift in Sources */ = {isa = PBXBuildFile; fileRef = 6A13E29F27D648FE00AC93F0 /* PushTransition.swift */; };
		6A13E2A227D6493200AC93F0 /* ModalTransition.swift in Sources */ = {isa = PBXBuildFile; fileRef = 6A13E2A127D6493200AC93F0 /* ModalTransition.swift */; };
		6A13E2A427D6496800AC93F0 /* Transition.swift in Sources */ = {isa = PBXBuildFile; fileRef = 6A13E2A327D6496800AC93F0 /* Transition.swift */; };
		6A13E2A627D649B000AC93F0 /* PlaceOnWindowTransition.swift in Sources */ = {isa = PBXBuildFile; fileRef = 6A13E2A527D649B000AC93F0 /* PlaceOnWindowTransition.swift */; };
		6A13E2A827D649ED00AC93F0 /* Router.swift in Sources */ = {isa = PBXBuildFile; fileRef = 6A13E2A727D649ED00AC93F0 /* Router.swift */; };
		6A13E2AA27D64A0A00AC93F0 /* Animator.swift in Sources */ = {isa = PBXBuildFile; fileRef = 6A13E2A927D64A0A00AC93F0 /* Animator.swift */; };
		6A13E2BD27D65CDB00AC93F0 /* AppRouter.swift in Sources */ = {isa = PBXBuildFile; fileRef = 6A13E2BC27D65CDB00AC93F0 /* AppRouter.swift */; };
		6A60C80A27EF5C4000DFC292 /* LoginReminderRouter.swift in Sources */ = {isa = PBXBuildFile; fileRef = 6A60C80727EF5C4000DFC292 /* LoginReminderRouter.swift */; };
		6A60C80B27EF5C4000DFC292 /* LoginReminderViewController.swift in Sources */ = {isa = PBXBuildFile; fileRef = 6A60C80827EF5C4000DFC292 /* LoginReminderViewController.swift */; };
		6A60C80C27EF5C4000DFC292 /* LoginReminderViewModel.swift in Sources */ = {isa = PBXBuildFile; fileRef = 6A60C80927EF5C4000DFC292 /* LoginReminderViewModel.swift */; };
		6A60C80E27EF5C5700DFC292 /* LoginReminderRoute.swift in Sources */ = {isa = PBXBuildFile; fileRef = 6A60C80D27EF5C5700DFC292 /* LoginReminderRoute.swift */; };
		6A60C81327EFC9BD00DFC292 /* PhotoDelegate.swift in Sources */ = {isa = PBXBuildFile; fileRef = 6A60C81227EFC9BD00DFC292 /* PhotoDelegate.swift */; };
		6AA5F6C427D62A11004B6DE7 /* AppDelegate.swift in Sources */ = {isa = PBXBuildFile; fileRef = 6AA5F6C327D62A11004B6DE7 /* AppDelegate.swift */; };
		6AA5F6CD27D62A15004B6DE7 /* Assets.xcassets in Resources */ = {isa = PBXBuildFile; fileRef = 6AA5F6CC27D62A15004B6DE7 /* Assets.xcassets */; };
		6AA5F6D027D62A15004B6DE7 /* LaunchScreen.storyboard in Resources */ = {isa = PBXBuildFile; fileRef = 6AA5F6CE27D62A15004B6DE7 /* LaunchScreen.storyboard */; };
		6AA5F6DB27D62A15004B6DE7 /* FodamyBerkayTests.swift in Sources */ = {isa = PBXBuildFile; fileRef = 6AA5F6DA27D62A15004B6DE7 /* FodamyBerkayTests.swift */; };
		6AA5F6E627D62A15004B6DE7 /* FodamyBerkayUITests.swift in Sources */ = {isa = PBXBuildFile; fileRef = 6AA5F6E527D62A15004B6DE7 /* FodamyBerkayUITests.swift */; };
		6ADAEFC227F19A2700F4BA28 /* LoginRouter.swift in Sources */ = {isa = PBXBuildFile; fileRef = 6ADAEFBF27F19A2700F4BA28 /* LoginRouter.swift */; };
		6ADAEFC327F19A2700F4BA28 /* LoginViewController.swift in Sources */ = {isa = PBXBuildFile; fileRef = 6ADAEFC027F19A2700F4BA28 /* LoginViewController.swift */; };
		6ADAEFC427F19A2700F4BA28 /* LoginViewModel.swift in Sources */ = {isa = PBXBuildFile; fileRef = 6ADAEFC127F19A2700F4BA28 /* LoginViewModel.swift */; };
		6ADAEFC627F19A4400F4BA28 /* LoginRoute.swift in Sources */ = {isa = PBXBuildFile; fileRef = 6ADAEFC527F19A4400F4BA28 /* LoginRoute.swift */; };
		6ADAEFC827F19A9200F4BA28 /* TransparentNavigationController.swift in Sources */ = {isa = PBXBuildFile; fileRef = 6ADAEFC727F19A9200F4BA28 /* TransparentNavigationController.swift */; };
		6ADAEFD827F19FB300F4BA28 /* SignUpRouter.swift in Sources */ = {isa = PBXBuildFile; fileRef = 6ADAEFD527F19FB300F4BA28 /* SignUpRouter.swift */; };
		6ADAEFD927F19FB300F4BA28 /* SignUpViewController.swift in Sources */ = {isa = PBXBuildFile; fileRef = 6ADAEFD627F19FB300F4BA28 /* SignUpViewController.swift */; };
		6ADAEFDA27F19FB300F4BA28 /* SignUpViewModel.swift in Sources */ = {isa = PBXBuildFile; fileRef = 6ADAEFD727F19FB300F4BA28 /* SignUpViewModel.swift */; };
		6ADAEFDC27F19FC600F4BA28 /* SignUpRoute.swift in Sources */ = {isa = PBXBuildFile; fileRef = 6ADAEFDB27F19FC600F4BA28 /* SignUpRoute.swift */; };
		6ADAEFE027F19FDE00F4BA28 /* ForgotPasswordRouter.swift in Sources */ = {isa = PBXBuildFile; fileRef = 6ADAEFDD27F19FDE00F4BA28 /* ForgotPasswordRouter.swift */; };
		6ADAEFE127F19FDE00F4BA28 /* ForgotPasswordViewController.swift in Sources */ = {isa = PBXBuildFile; fileRef = 6ADAEFDE27F19FDE00F4BA28 /* ForgotPasswordViewController.swift */; };
		6ADAEFE227F19FDE00F4BA28 /* ForgotPasswordViewModel.swift in Sources */ = {isa = PBXBuildFile; fileRef = 6ADAEFDF27F19FDE00F4BA28 /* ForgotPasswordViewModel.swift */; };
		6ADAEFE427F19FF000F4BA28 /* ForgotPasswordRoute.swift in Sources */ = {isa = PBXBuildFile; fileRef = 6ADAEFE327F19FF000F4BA28 /* ForgotPasswordRoute.swift */; };
		6AF5D81227EC62CF0056D024 /* RecipeDetailRouter.swift in Sources */ = {isa = PBXBuildFile; fileRef = 6AF5D80F27EC62CF0056D024 /* RecipeDetailRouter.swift */; };
		6AF5D81327EC62CF0056D024 /* RecipeDetailViewController.swift in Sources */ = {isa = PBXBuildFile; fileRef = 6AF5D81027EC62CF0056D024 /* RecipeDetailViewController.swift */; };
		6AF5D81427EC62CF0056D024 /* RecipeDetailViewModel.swift in Sources */ = {isa = PBXBuildFile; fileRef = 6AF5D81127EC62CF0056D024 /* RecipeDetailViewModel.swift */; };
		6AF5D81627EC62E40056D024 /* RecipeDetailRoute.swift in Sources */ = {isa = PBXBuildFile; fileRef = 6AF5D81527EC62E40056D024 /* RecipeDetailRoute.swift */; };
		6AF5D84D27EE16000056D024 /* SKPhotoBrowserRoute.swift in Sources */ = {isa = PBXBuildFile; fileRef = 6AF5D84C27EE16000056D024 /* SKPhotoBrowserRoute.swift */; };
		6AF5D84F27EE16E10056D024 /* RecipeDetailHeaderView.swift in Sources */ = {isa = PBXBuildFile; fileRef = 6AF5D84E27EE16E10056D024 /* RecipeDetailHeaderView.swift */; };
		6AFE7CB427EB2A8C003E13CC /* FavoritesRouter.swift in Sources */ = {isa = PBXBuildFile; fileRef = 6AFE7CB127EB2A8C003E13CC /* FavoritesRouter.swift */; };
		6AFE7CB527EB2A8C003E13CC /* FavoritesViewController.swift in Sources */ = {isa = PBXBuildFile; fileRef = 6AFE7CB227EB2A8C003E13CC /* FavoritesViewController.swift */; };
		6AFE7CB627EB2A8C003E13CC /* FavoritesViewModel.swift in Sources */ = {isa = PBXBuildFile; fileRef = 6AFE7CB327EB2A8C003E13CC /* FavoritesViewModel.swift */; };
		8C058DEE8758F2086D44487C /* Pods_FodamyBerkay.framework in Frameworks */ = {isa = PBXBuildFile; fileRef = AE1149CA25CB64720BFDCC3B /* Pods_FodamyBerkay.framework */; };
		B8A1A7E1F553B4110729B91B /* Pods_FodamyBerkay_FodamyBerkayUITests.framework in Frameworks */ = {isa = PBXBuildFile; fileRef = 333119A1E17B279AA33F57C2 /* Pods_FodamyBerkay_FodamyBerkayUITests.framework */; };
		D298E992ABB18364B6AA49AF /* Pods_FodamyBerkayTests.framework in Frameworks */ = {isa = PBXBuildFile; fileRef = 8C02A5D0BEE76E62847F9927 /* Pods_FodamyBerkayTests.framework */; };
/* End PBXBuildFile section */

/* Begin PBXContainerItemProxy section */
		6AA5F6D727D62A15004B6DE7 /* PBXContainerItemProxy */ = {
			isa = PBXContainerItemProxy;
			containerPortal = 6AA5F6B827D62A11004B6DE7 /* Project object */;
			proxyType = 1;
			remoteGlobalIDString = 6AA5F6BF27D62A11004B6DE7;
			remoteInfo = FodamyBerkay;
		};
		6AA5F6E227D62A15004B6DE7 /* PBXContainerItemProxy */ = {
			isa = PBXContainerItemProxy;
			containerPortal = 6AA5F6B827D62A11004B6DE7 /* Project object */;
			proxyType = 1;
			remoteGlobalIDString = 6AA5F6BF27D62A11004B6DE7;
			remoteInfo = FodamyBerkay;
		};
/* End PBXContainerItemProxy section */

/* Begin PBXCopyFilesBuildPhase section */
		6A13E28E27D6417700AC93F0 /* Embed Frameworks */ = {
			isa = PBXCopyFilesBuildPhase;
			buildActionMask = 2147483647;
			dstPath = "";
			dstSubfolderSpec = 10;
			files = (
				6A13E29127D6417E00AC93F0 /* UIComponents.framework in Embed Frameworks */,
				6A13E29427D6418600AC93F0 /* Utilities.framework in Embed Frameworks */,
				6A13E28D27D6417700AC93F0 /* DataProvider.framework in Embed Frameworks */,
			);
			name = "Embed Frameworks";
			runOnlyForDeploymentPostprocessing = 0;
		};
/* End PBXCopyFilesBuildPhase section */

/* Begin PBXFileReference section */
		313DD8A9DF56E4F88F11EBE8 /* Pods-FodamyBerkay.release.xcconfig */ = {isa = PBXFileReference; includeInIndex = 1; lastKnownFileType = text.xcconfig; name = "Pods-FodamyBerkay.release.xcconfig"; path = "Target Support Files/Pods-FodamyBerkay/Pods-FodamyBerkay.release.xcconfig"; sourceTree = "<group>"; };
		333119A1E17B279AA33F57C2 /* Pods_FodamyBerkay_FodamyBerkayUITests.framework */ = {isa = PBXFileReference; explicitFileType = wrapper.framework; includeInIndex = 0; path = Pods_FodamyBerkay_FodamyBerkayUITests.framework; sourceTree = BUILT_PRODUCTS_DIR; };
		3C71AE0C011BEA4C261766F7 /* Pods-FodamyBerkay-FodamyBerkayUITests.debug.xcconfig */ = {isa = PBXFileReference; includeInIndex = 1; lastKnownFileType = text.xcconfig; name = "Pods-FodamyBerkay-FodamyBerkayUITests.debug.xcconfig"; path = "Target Support Files/Pods-FodamyBerkay-FodamyBerkayUITests/Pods-FodamyBerkay-FodamyBerkayUITests.debug.xcconfig"; sourceTree = "<group>"; };
		5682A3A0F33818D4C0526D87 /* Pods-FodamyBerkayTests.release.xcconfig */ = {isa = PBXFileReference; includeInIndex = 1; lastKnownFileType = text.xcconfig; name = "Pods-FodamyBerkayTests.release.xcconfig"; path = "Target Support Files/Pods-FodamyBerkayTests/Pods-FodamyBerkayTests.release.xcconfig"; sourceTree = "<group>"; };
		6A07E0F627DB35E2002ED268 /* WalkthroughRoute.swift */ = {isa = PBXFileReference; fileEncoding = 4; lastKnownFileType = sourcecode.swift; path = WalkthroughRoute.swift; sourceTree = "<group>"; };
		6A07E0FC27DB36C7002ED268 /* BaseViewController.swift */ = {isa = PBXFileReference; fileEncoding = 4; lastKnownFileType = sourcecode.swift; path = BaseViewController.swift; sourceTree = "<group>"; };
		6A07E0FE27DB36CC002ED268 /* BaseViewModel.swift */ = {isa = PBXFileReference; fileEncoding = 4; lastKnownFileType = sourcecode.swift; path = BaseViewModel.swift; sourceTree = "<group>"; };
		6A07E10127DB391B002ED268 /* WalkthroughRouter.swift */ = {isa = PBXFileReference; lastKnownFileType = sourcecode.swift; path = WalkthroughRouter.swift; sourceTree = "<group>"; };
		6A07E10227DB391B002ED268 /* WalkthroughViewController.swift */ = {isa = PBXFileReference; lastKnownFileType = sourcecode.swift; path = WalkthroughViewController.swift; sourceTree = "<group>"; };
		6A07E10327DB391B002ED268 /* WalkthroughViewModel.swift */ = {isa = PBXFileReference; lastKnownFileType = sourcecode.swift; path = WalkthroughViewModel.swift; sourceTree = "<group>"; };
		6A07E11E27DD564A002ED268 /* HomeRouter.swift */ = {isa = PBXFileReference; lastKnownFileType = sourcecode.swift; path = HomeRouter.swift; sourceTree = "<group>"; };
		6A07E11F27DD564A002ED268 /* HomeViewController.swift */ = {isa = PBXFileReference; lastKnownFileType = sourcecode.swift; path = HomeViewController.swift; sourceTree = "<group>"; };
		6A07E12027DD564A002ED268 /* HomeViewModel.swift */ = {isa = PBXFileReference; lastKnownFileType = sourcecode.swift; path = HomeViewModel.swift; sourceTree = "<group>"; };
		6A07E12427DD56A3002ED268 /* HomeRoute.swift */ = {isa = PBXFileReference; lastKnownFileType = sourcecode.swift; path = HomeRoute.swift; sourceTree = "<group>"; };
		6A07E12827DD6323002ED268 /* MainNavigationController.swift */ = {isa = PBXFileReference; lastKnownFileType = sourcecode.swift; path = MainNavigationController.swift; sourceTree = "<group>"; };
		6A07E12C27DD66FB002ED268 /* MainTabBarController.swift */ = {isa = PBXFileReference; lastKnownFileType = sourcecode.swift; path = MainTabBarController.swift; sourceTree = "<group>"; };
		6A07E12F27DD67BA002ED268 /* MainTabBarRoute.swift */ = {isa = PBXFileReference; lastKnownFileType = sourcecode.swift; path = MainTabBarRoute.swift; sourceTree = "<group>"; };
		6A07E14227E0CF18002ED268 /* RecipesRouter.swift */ = {isa = PBXFileReference; lastKnownFileType = sourcecode.swift; path = RecipesRouter.swift; sourceTree = "<group>"; };
		6A07E14327E0CF18002ED268 /* RecipesViewController.swift */ = {isa = PBXFileReference; lastKnownFileType = sourcecode.swift; path = RecipesViewController.swift; sourceTree = "<group>"; };
		6A07E14427E0CF18002ED268 /* RecipesViewModel.swift */ = {isa = PBXFileReference; lastKnownFileType = sourcecode.swift; path = RecipesViewModel.swift; sourceTree = "<group>"; };
		6A07E14827E0CF47002ED268 /* RecipesRoute.swift */ = {isa = PBXFileReference; lastKnownFileType = sourcecode.swift; path = RecipesRoute.swift; sourceTree = "<group>"; };
		6A07E16727E205B5002ED268 /* ApiLogger.swift */ = {isa = PBXFileReference; lastKnownFileType = sourcecode.swift; path = ApiLogger.swift; sourceTree = "<group>"; };
		6A07E16927E20600002ED268 /* APIRequestInterceptor.swift */ = {isa = PBXFileReference; lastKnownFileType = sourcecode.swift; path = APIRequestInterceptor.swift; sourceTree = "<group>"; };
		6A07E16B27E2061F002ED268 /* DataProvider.swift */ = {isa = PBXFileReference; lastKnownFileType = sourcecode.swift; path = DataProvider.swift; sourceTree = "<group>"; };
		6A13E28827D6411F00AC93F0 /* FodamyBerkay-Bridging-Header.h */ = {isa = PBXFileReference; lastKnownFileType = sourcecode.c.h; path = "FodamyBerkay-Bridging-Header.h"; sourceTree = "<group>"; };
		6A13E28B27D6417700AC93F0 /* DataProvider.framework */ = {isa = PBXFileReference; explicitFileType = wrapper.framework; path = DataProvider.framework; sourceTree = BUILT_PRODUCTS_DIR; };
		6A13E28F27D6417E00AC93F0 /* UIComponents.framework */ = {isa = PBXFileReference; explicitFileType = wrapper.framework; path = UIComponents.framework; sourceTree = BUILT_PRODUCTS_DIR; };
		6A13E29227D6418600AC93F0 /* Utilities.framework */ = {isa = PBXFileReference; explicitFileType = wrapper.framework; path = Utilities.framework; sourceTree = BUILT_PRODUCTS_DIR; };
		6A13E29F27D648FE00AC93F0 /* PushTransition.swift */ = {isa = PBXFileReference; lastKnownFileType = sourcecode.swift; path = PushTransition.swift; sourceTree = "<group>"; };
		6A13E2A127D6493200AC93F0 /* ModalTransition.swift */ = {isa = PBXFileReference; lastKnownFileType = sourcecode.swift; path = ModalTransition.swift; sourceTree = "<group>"; };
		6A13E2A327D6496800AC93F0 /* Transition.swift */ = {isa = PBXFileReference; lastKnownFileType = sourcecode.swift; path = Transition.swift; sourceTree = "<group>"; };
		6A13E2A527D649B000AC93F0 /* PlaceOnWindowTransition.swift */ = {isa = PBXFileReference; lastKnownFileType = sourcecode.swift; path = PlaceOnWindowTransition.swift; sourceTree = "<group>"; };
		6A13E2A727D649ED00AC93F0 /* Router.swift */ = {isa = PBXFileReference; lastKnownFileType = sourcecode.swift; path = Router.swift; sourceTree = "<group>"; };
		6A13E2A927D64A0A00AC93F0 /* Animator.swift */ = {isa = PBXFileReference; lastKnownFileType = sourcecode.swift; path = Animator.swift; sourceTree = "<group>"; };
		6A13E2BC27D65CDB00AC93F0 /* AppRouter.swift */ = {isa = PBXFileReference; lastKnownFileType = sourcecode.swift; path = AppRouter.swift; sourceTree = "<group>"; };
		6A60C80727EF5C4000DFC292 /* LoginReminderRouter.swift */ = {isa = PBXFileReference; lastKnownFileType = sourcecode.swift; path = LoginReminderRouter.swift; sourceTree = "<group>"; };
		6A60C80827EF5C4000DFC292 /* LoginReminderViewController.swift */ = {isa = PBXFileReference; lastKnownFileType = sourcecode.swift; path = LoginReminderViewController.swift; sourceTree = "<group>"; };
		6A60C80927EF5C4000DFC292 /* LoginReminderViewModel.swift */ = {isa = PBXFileReference; lastKnownFileType = sourcecode.swift; path = LoginReminderViewModel.swift; sourceTree = "<group>"; };
		6A60C80D27EF5C5700DFC292 /* LoginReminderRoute.swift */ = {isa = PBXFileReference; lastKnownFileType = sourcecode.swift; path = LoginReminderRoute.swift; sourceTree = "<group>"; };
		6A60C81227EFC9BD00DFC292 /* PhotoDelegate.swift */ = {isa = PBXFileReference; lastKnownFileType = sourcecode.swift; path = PhotoDelegate.swift; sourceTree = "<group>"; };
		6AA5F6C027D62A11004B6DE7 /* FodamyBerkay.app */ = {isa = PBXFileReference; explicitFileType = wrapper.application; includeInIndex = 0; path = FodamyBerkay.app; sourceTree = BUILT_PRODUCTS_DIR; };
		6AA5F6C327D62A11004B6DE7 /* AppDelegate.swift */ = {isa = PBXFileReference; lastKnownFileType = sourcecode.swift; path = AppDelegate.swift; sourceTree = "<group>"; };
		6AA5F6CC27D62A15004B6DE7 /* Assets.xcassets */ = {isa = PBXFileReference; lastKnownFileType = folder.assetcatalog; path = Assets.xcassets; sourceTree = "<group>"; };
		6AA5F6CF27D62A15004B6DE7 /* Base */ = {isa = PBXFileReference; lastKnownFileType = file.storyboard; name = Base; path = Base.lproj/LaunchScreen.storyboard; sourceTree = "<group>"; };
		6AA5F6D127D62A15004B6DE7 /* Info.plist */ = {isa = PBXFileReference; lastKnownFileType = text.plist.xml; path = Info.plist; sourceTree = "<group>"; };
		6AA5F6D627D62A15004B6DE7 /* FodamyBerkayTests.xctest */ = {isa = PBXFileReference; explicitFileType = wrapper.cfbundle; includeInIndex = 0; path = FodamyBerkayTests.xctest; sourceTree = BUILT_PRODUCTS_DIR; };
		6AA5F6DA27D62A15004B6DE7 /* FodamyBerkayTests.swift */ = {isa = PBXFileReference; lastKnownFileType = sourcecode.swift; path = FodamyBerkayTests.swift; sourceTree = "<group>"; };
		6AA5F6DC27D62A15004B6DE7 /* Info.plist */ = {isa = PBXFileReference; lastKnownFileType = text.plist.xml; path = Info.plist; sourceTree = "<group>"; };
		6AA5F6E127D62A15004B6DE7 /* FodamyBerkayUITests.xctest */ = {isa = PBXFileReference; explicitFileType = wrapper.cfbundle; includeInIndex = 0; path = FodamyBerkayUITests.xctest; sourceTree = BUILT_PRODUCTS_DIR; };
		6AA5F6E527D62A15004B6DE7 /* FodamyBerkayUITests.swift */ = {isa = PBXFileReference; lastKnownFileType = sourcecode.swift; path = FodamyBerkayUITests.swift; sourceTree = "<group>"; };
		6AA5F6E727D62A15004B6DE7 /* Info.plist */ = {isa = PBXFileReference; lastKnownFileType = text.plist.xml; path = Info.plist; sourceTree = "<group>"; };
		6ADAEFBF27F19A2700F4BA28 /* LoginRouter.swift */ = {isa = PBXFileReference; lastKnownFileType = sourcecode.swift; path = LoginRouter.swift; sourceTree = "<group>"; };
		6ADAEFC027F19A2700F4BA28 /* LoginViewController.swift */ = {isa = PBXFileReference; lastKnownFileType = sourcecode.swift; path = LoginViewController.swift; sourceTree = "<group>"; };
		6ADAEFC127F19A2700F4BA28 /* LoginViewModel.swift */ = {isa = PBXFileReference; lastKnownFileType = sourcecode.swift; path = LoginViewModel.swift; sourceTree = "<group>"; };
		6ADAEFC527F19A4400F4BA28 /* LoginRoute.swift */ = {isa = PBXFileReference; lastKnownFileType = sourcecode.swift; path = LoginRoute.swift; sourceTree = "<group>"; };
		6ADAEFC727F19A9200F4BA28 /* TransparentNavigationController.swift */ = {isa = PBXFileReference; lastKnownFileType = sourcecode.swift; path = TransparentNavigationController.swift; sourceTree = "<group>"; };
		6ADAEFD527F19FB300F4BA28 /* SignUpRouter.swift */ = {isa = PBXFileReference; lastKnownFileType = sourcecode.swift; path = SignUpRouter.swift; sourceTree = "<group>"; };
		6ADAEFD627F19FB300F4BA28 /* SignUpViewController.swift */ = {isa = PBXFileReference; lastKnownFileType = sourcecode.swift; path = SignUpViewController.swift; sourceTree = "<group>"; };
		6ADAEFD727F19FB300F4BA28 /* SignUpViewModel.swift */ = {isa = PBXFileReference; lastKnownFileType = sourcecode.swift; path = SignUpViewModel.swift; sourceTree = "<group>"; };
		6ADAEFDB27F19FC600F4BA28 /* SignUpRoute.swift */ = {isa = PBXFileReference; lastKnownFileType = sourcecode.swift; path = SignUpRoute.swift; sourceTree = "<group>"; };
		6ADAEFDD27F19FDE00F4BA28 /* ForgotPasswordRouter.swift */ = {isa = PBXFileReference; lastKnownFileType = sourcecode.swift; path = ForgotPasswordRouter.swift; sourceTree = "<group>"; };
		6ADAEFDE27F19FDE00F4BA28 /* ForgotPasswordViewController.swift */ = {isa = PBXFileReference; lastKnownFileType = sourcecode.swift; path = ForgotPasswordViewController.swift; sourceTree = "<group>"; };
		6ADAEFDF27F19FDE00F4BA28 /* ForgotPasswordViewModel.swift */ = {isa = PBXFileReference; lastKnownFileType = sourcecode.swift; path = ForgotPasswordViewModel.swift; sourceTree = "<group>"; };
		6ADAEFE327F19FF000F4BA28 /* ForgotPasswordRoute.swift */ = {isa = PBXFileReference; lastKnownFileType = sourcecode.swift; path = ForgotPasswordRoute.swift; sourceTree = "<group>"; };
		6AF5D80F27EC62CF0056D024 /* RecipeDetailRouter.swift */ = {isa = PBXFileReference; lastKnownFileType = sourcecode.swift; path = RecipeDetailRouter.swift; sourceTree = "<group>"; };
		6AF5D81027EC62CF0056D024 /* RecipeDetailViewController.swift */ = {isa = PBXFileReference; lastKnownFileType = sourcecode.swift; path = RecipeDetailViewController.swift; sourceTree = "<group>"; };
		6AF5D81127EC62CF0056D024 /* RecipeDetailViewModel.swift */ = {isa = PBXFileReference; lastKnownFileType = sourcecode.swift; path = RecipeDetailViewModel.swift; sourceTree = "<group>"; };
		6AF5D81527EC62E40056D024 /* RecipeDetailRoute.swift */ = {isa = PBXFileReference; lastKnownFileType = sourcecode.swift; path = RecipeDetailRoute.swift; sourceTree = "<group>"; };
		6AF5D84C27EE16000056D024 /* SKPhotoBrowserRoute.swift */ = {isa = PBXFileReference; lastKnownFileType = sourcecode.swift; path = SKPhotoBrowserRoute.swift; sourceTree = "<group>"; };
		6AF5D84E27EE16E10056D024 /* RecipeDetailHeaderView.swift */ = {isa = PBXFileReference; lastKnownFileType = sourcecode.swift; path = RecipeDetailHeaderView.swift; sourceTree = "<group>"; };
		6AFE7CB127EB2A8C003E13CC /* FavoritesRouter.swift */ = {isa = PBXFileReference; lastKnownFileType = sourcecode.swift; path = FavoritesRouter.swift; sourceTree = "<group>"; };
		6AFE7CB227EB2A8C003E13CC /* FavoritesViewController.swift */ = {isa = PBXFileReference; lastKnownFileType = sourcecode.swift; path = FavoritesViewController.swift; sourceTree = "<group>"; };
		6AFE7CB327EB2A8C003E13CC /* FavoritesViewModel.swift */ = {isa = PBXFileReference; lastKnownFileType = sourcecode.swift; path = FavoritesViewModel.swift; sourceTree = "<group>"; };
		8443905E2023664C02FCB8D9 /* Pods-FodamyBerkay-FodamyBerkayUITests.release.xcconfig */ = {isa = PBXFileReference; includeInIndex = 1; lastKnownFileType = text.xcconfig; name = "Pods-FodamyBerkay-FodamyBerkayUITests.release.xcconfig"; path = "Target Support Files/Pods-FodamyBerkay-FodamyBerkayUITests/Pods-FodamyBerkay-FodamyBerkayUITests.release.xcconfig"; sourceTree = "<group>"; };
		8C02A5D0BEE76E62847F9927 /* Pods_FodamyBerkayTests.framework */ = {isa = PBXFileReference; explicitFileType = wrapper.framework; includeInIndex = 0; path = Pods_FodamyBerkayTests.framework; sourceTree = BUILT_PRODUCTS_DIR; };
		AE1149CA25CB64720BFDCC3B /* Pods_FodamyBerkay.framework */ = {isa = PBXFileReference; explicitFileType = wrapper.framework; includeInIndex = 0; path = Pods_FodamyBerkay.framework; sourceTree = BUILT_PRODUCTS_DIR; };
		EB8F4942F0285EBCC02E8DAE /* Pods-FodamyBerkay.debug.xcconfig */ = {isa = PBXFileReference; includeInIndex = 1; lastKnownFileType = text.xcconfig; name = "Pods-FodamyBerkay.debug.xcconfig"; path = "Target Support Files/Pods-FodamyBerkay/Pods-FodamyBerkay.debug.xcconfig"; sourceTree = "<group>"; };
		EBC0BF02CEE08240A9A01DEA /* Pods-FodamyBerkayTests.debug.xcconfig */ = {isa = PBXFileReference; includeInIndex = 1; lastKnownFileType = text.xcconfig; name = "Pods-FodamyBerkayTests.debug.xcconfig"; path = "Target Support Files/Pods-FodamyBerkayTests/Pods-FodamyBerkayTests.debug.xcconfig"; sourceTree = "<group>"; };
/* End PBXFileReference section */

/* Begin PBXFrameworksBuildPhase section */
		6AA5F6BD27D62A11004B6DE7 /* Frameworks */ = {
			isa = PBXFrameworksBuildPhase;
			buildActionMask = 2147483647;
			files = (
				8C058DEE8758F2086D44487C /* Pods_FodamyBerkay.framework in Frameworks */,
				6A13E29027D6417E00AC93F0 /* UIComponents.framework in Frameworks */,
				6A13E28C27D6417700AC93F0 /* DataProvider.framework in Frameworks */,
				6A13E29327D6418600AC93F0 /* Utilities.framework in Frameworks */,
			);
			runOnlyForDeploymentPostprocessing = 0;
		};
		6AA5F6D327D62A15004B6DE7 /* Frameworks */ = {
			isa = PBXFrameworksBuildPhase;
			buildActionMask = 2147483647;
			files = (
				D298E992ABB18364B6AA49AF /* Pods_FodamyBerkayTests.framework in Frameworks */,
			);
			runOnlyForDeploymentPostprocessing = 0;
		};
		6AA5F6DE27D62A15004B6DE7 /* Frameworks */ = {
			isa = PBXFrameworksBuildPhase;
			buildActionMask = 2147483647;
			files = (
				B8A1A7E1F553B4110729B91B /* Pods_FodamyBerkay_FodamyBerkayUITests.framework in Frameworks */,
			);
			runOnlyForDeploymentPostprocessing = 0;
		};
/* End PBXFrameworksBuildPhase section */

/* Begin PBXGroup section */
		6A07E0F127DB35E2002ED268 /* Scenes  */ = {
			isa = PBXGroup;
			children = (
				6ADAEFBB27F199EC00F4BA28 /* Auth */,
				6A60C80627EF5BA000DFC292 /* LoginReminder */,
				6AF5D80E27EC62680056D024 /* RecipeDetail */,
				6AFE7CB027EB2A67003E13CC /* Favorites */,
				6A07E14127E0CF02002ED268 /* Recipes */,
				6A07E12E27DD674A002ED268 /* Main */,
				6A07E11D27DD55B9002ED268 /* Home */,
				6A07E0FB27DB3610002ED268 /* Base */,
				6A07E0F227DB35E2002ED268 /* Walkthrough */,
			);
			path = "Scenes ";
			sourceTree = "<group>";
		};
		6A07E0F227DB35E2002ED268 /* Walkthrough */ = {
			isa = PBXGroup;
			children = (
				6A07E0F627DB35E2002ED268 /* WalkthroughRoute.swift */,
				6A07E10127DB391B002ED268 /* WalkthroughRouter.swift */,
				6A07E10227DB391B002ED268 /* WalkthroughViewController.swift */,
				6A07E10327DB391B002ED268 /* WalkthroughViewModel.swift */,
			);
			path = Walkthrough;
			sourceTree = "<group>";
		};
		6A07E0FB27DB3610002ED268 /* Base */ = {
			isa = PBXGroup;
			children = (
				6A07E12827DD6323002ED268 /* MainNavigationController.swift */,
				6A07E0FC27DB36C7002ED268 /* BaseViewController.swift */,
				6A07E0FE27DB36CC002ED268 /* BaseViewModel.swift */,
				6ADAEFC727F19A9200F4BA28 /* TransparentNavigationController.swift */,
			);
			path = Base;
			sourceTree = "<group>";
		};
		6A07E11D27DD55B9002ED268 /* Home */ = {
			isa = PBXGroup;
			children = (
				6A07E11E27DD564A002ED268 /* HomeRouter.swift */,
				6A07E11F27DD564A002ED268 /* HomeViewController.swift */,
				6A07E12027DD564A002ED268 /* HomeViewModel.swift */,
				6A07E12427DD56A3002ED268 /* HomeRoute.swift */,
			);
			path = Home;
			sourceTree = "<group>";
		};
		6A07E12E27DD674A002ED268 /* Main */ = {
			isa = PBXGroup;
			children = (
				6A07E12C27DD66FB002ED268 /* MainTabBarController.swift */,
				6A07E12F27DD67BA002ED268 /* MainTabBarRoute.swift */,
			);
			path = Main;
			sourceTree = "<group>";
		};
		6A07E14127E0CF02002ED268 /* Recipes */ = {
			isa = PBXGroup;
			children = (
				6A07E14227E0CF18002ED268 /* RecipesRouter.swift */,
				6A07E14327E0CF18002ED268 /* RecipesViewController.swift */,
				6A07E14427E0CF18002ED268 /* RecipesViewModel.swift */,
				6A07E14827E0CF47002ED268 /* RecipesRoute.swift */,
			);
			path = Recipes;
			sourceTree = "<group>";
		};
		6A07E16627E203EE002ED268 /* DataProvider */ = {
			isa = PBXGroup;
			children = (
				6A07E16727E205B5002ED268 /* ApiLogger.swift */,
				6A07E16927E20600002ED268 /* APIRequestInterceptor.swift */,
				6A07E16B27E2061F002ED268 /* DataProvider.swift */,
			);
			path = DataProvider;
			sourceTree = "<group>";
		};
		6A13E28627D640CD00AC93F0 /* Configurations */ = {
			isa = PBXGroup;
			children = (
				6A13E28727D640F200AC93F0 /* BridgingHeader */,
			);
			path = Configurations;
			sourceTree = "<group>";
		};
		6A13E28727D640F200AC93F0 /* BridgingHeader */ = {
			isa = PBXGroup;
			children = (
				6A13E28827D6411F00AC93F0 /* FodamyBerkay-Bridging-Header.h */,
			);
			path = BridgingHeader;
			sourceTree = "<group>";
		};
		6A13E29927D6483A00AC93F0 /* Routing */ = {
			isa = PBXGroup;
			children = (
				6A13E29C27D6487300AC93F0 /* Core */,
				6A13E29B27D6485D00AC93F0 /* Transitions */,
				6A13E29A27D6484800AC93F0 /* Routers */,
			);
			path = Routing;
			sourceTree = "<group>";
		};
		6A13E29A27D6484800AC93F0 /* Routers */ = {
			isa = PBXGroup;
			children = (
				6A13E2BC27D65CDB00AC93F0 /* AppRouter.swift */,
				6AF5D84C27EE16000056D024 /* SKPhotoBrowserRoute.swift */,
			);
			path = Routers;
			sourceTree = "<group>";
		};
		6A13E29B27D6485D00AC93F0 /* Transitions */ = {
			isa = PBXGroup;
			children = (
				6A13E29F27D648FE00AC93F0 /* PushTransition.swift */,
				6A13E2A127D6493200AC93F0 /* ModalTransition.swift */,
				6A13E2A327D6496800AC93F0 /* Transition.swift */,
				6A13E2A527D649B000AC93F0 /* PlaceOnWindowTransition.swift */,
			);
			path = Transitions;
			sourceTree = "<group>";
		};
		6A13E29C27D6487300AC93F0 /* Core */ = {
			isa = PBXGroup;
			children = (
				6A13E2A727D649ED00AC93F0 /* Router.swift */,
				6A13E2A927D64A0A00AC93F0 /* Animator.swift */,
			);
			path = Core;
			sourceTree = "<group>";
		};
		6A60C80627EF5BA000DFC292 /* LoginReminder */ = {
			isa = PBXGroup;
			children = (
				6A60C80727EF5C4000DFC292 /* LoginReminderRouter.swift */,
				6A60C80827EF5C4000DFC292 /* LoginReminderViewController.swift */,
				6A60C80927EF5C4000DFC292 /* LoginReminderViewModel.swift */,
				6A60C80D27EF5C5700DFC292 /* LoginReminderRoute.swift */,
			);
			path = LoginReminder;
			sourceTree = "<group>";
		};
		6A60C81127EFC90700DFC292 /* RecipeDetailHeader */ = {
			isa = PBXGroup;
			children = (
				6AF5D84E27EE16E10056D024 /* RecipeDetailHeaderView.swift */,
			);
			path = RecipeDetailHeader;
			sourceTree = "<group>";
		};
		6AA5F6B727D62A11004B6DE7 = {
			isa = PBXGroup;
			children = (
				6AA5F6C227D62A11004B6DE7 /* FodamyBerkay */,
				6AA5F6D927D62A15004B6DE7 /* FodamyBerkayTests */,
				6AA5F6E427D62A15004B6DE7 /* FodamyBerkayUITests */,
				6AA5F6C127D62A11004B6DE7 /* Products */,
				72DED1D4B549005493A66FAA /* Pods */,
				F0C07192B042BD750614DB69 /* Frameworks */,
			);
			sourceTree = "<group>";
		};
		6AA5F6C127D62A11004B6DE7 /* Products */ = {
			isa = PBXGroup;
			children = (
				6AA5F6C027D62A11004B6DE7 /* FodamyBerkay.app */,
				6AA5F6D627D62A15004B6DE7 /* FodamyBerkayTests.xctest */,
				6AA5F6E127D62A15004B6DE7 /* FodamyBerkayUITests.xctest */,
			);
			name = Products;
			sourceTree = "<group>";
		};
		6AA5F6C227D62A11004B6DE7 /* FodamyBerkay */ = {
			isa = PBXGroup;
			children = (
				6AF5D84B27EE15200056D024 /* Delegate */,
				6A07E16627E203EE002ED268 /* DataProvider */,
				6AA5F6C327D62A11004B6DE7 /* AppDelegate.swift */,
				6A13E28627D640CD00AC93F0 /* Configurations */,
				6A13E29927D6483A00AC93F0 /* Routing */,
				6A07E0F127DB35E2002ED268 /* Scenes  */,
				6AA5F6CC27D62A15004B6DE7 /* Assets.xcassets */,
				6AA5F6CE27D62A15004B6DE7 /* LaunchScreen.storyboard */,
				6AA5F6D127D62A15004B6DE7 /* Info.plist */,
			);
			path = FodamyBerkay;
			sourceTree = "<group>";
		};
		6AA5F6D927D62A15004B6DE7 /* FodamyBerkayTests */ = {
			isa = PBXGroup;
			children = (
				6AA5F6DA27D62A15004B6DE7 /* FodamyBerkayTests.swift */,
				6AA5F6DC27D62A15004B6DE7 /* Info.plist */,
			);
			path = FodamyBerkayTests;
			sourceTree = "<group>";
		};
		6AA5F6E427D62A15004B6DE7 /* FodamyBerkayUITests */ = {
			isa = PBXGroup;
			children = (
				6AA5F6E527D62A15004B6DE7 /* FodamyBerkayUITests.swift */,
				6AA5F6E727D62A15004B6DE7 /* Info.plist */,
			);
			path = FodamyBerkayUITests;
			sourceTree = "<group>";
		};
		6ADAEFBB27F199EC00F4BA28 /* Auth */ = {
			isa = PBXGroup;
			children = (
				6ADAEFBE27F19A0E00F4BA28 /* ForgotPassword */,
				6ADAEFBD27F19A0000F4BA28 /* SignUp */,
				6ADAEFBC27F199FB00F4BA28 /* Login */,
			);
			path = Auth;
			sourceTree = "<group>";
		};
		6ADAEFBC27F199FB00F4BA28 /* Login */ = {
			isa = PBXGroup;
			children = (
				6ADAEFBF27F19A2700F4BA28 /* LoginRouter.swift */,
				6ADAEFC027F19A2700F4BA28 /* LoginViewController.swift */,
				6ADAEFC127F19A2700F4BA28 /* LoginViewModel.swift */,
				6ADAEFC527F19A4400F4BA28 /* LoginRoute.swift */,
			);
			path = Login;
			sourceTree = "<group>";
		};
		6ADAEFBD27F19A0000F4BA28 /* SignUp */ = {
			isa = PBXGroup;
			children = (
				6ADAEFD527F19FB300F4BA28 /* SignUpRouter.swift */,
				6ADAEFD627F19FB300F4BA28 /* SignUpViewController.swift */,
				6ADAEFD727F19FB300F4BA28 /* SignUpViewModel.swift */,
				6ADAEFDB27F19FC600F4BA28 /* SignUpRoute.swift */,
			);
			path = SignUp;
			sourceTree = "<group>";
		};
		6ADAEFBE27F19A0E00F4BA28 /* ForgotPassword */ = {
			isa = PBXGroup;
			children = (
				6ADAEFDD27F19FDE00F4BA28 /* ForgotPasswordRouter.swift */,
				6ADAEFDE27F19FDE00F4BA28 /* ForgotPasswordViewController.swift */,
				6ADAEFDF27F19FDE00F4BA28 /* ForgotPasswordViewModel.swift */,
				6ADAEFE327F19FF000F4BA28 /* ForgotPasswordRoute.swift */,
			);
			path = ForgotPassword;
			sourceTree = "<group>";
		};
		6AF5D80E27EC62680056D024 /* RecipeDetail */ = {
			isa = PBXGroup;
			children = (
				6A60C81127EFC90700DFC292 /* RecipeDetailHeader */,
				6AF5D80F27EC62CF0056D024 /* RecipeDetailRouter.swift */,
				6AF5D81027EC62CF0056D024 /* RecipeDetailViewController.swift */,
				6AF5D81127EC62CF0056D024 /* RecipeDetailViewModel.swift */,
				6AF5D81527EC62E40056D024 /* RecipeDetailRoute.swift */,
			);
			path = RecipeDetail;
			sourceTree = "<group>";
		};
		6AF5D84B27EE15200056D024 /* Delegate */ = {
			isa = PBXGroup;
			children = (
				6A60C81227EFC9BD00DFC292 /* PhotoDelegate.swift */,
			);
			path = Delegate;
			sourceTree = "<group>";
		};
		6AFE7CB027EB2A67003E13CC /* Favorites */ = {
			isa = PBXGroup;
			children = (
				6AFE7CB127EB2A8C003E13CC /* FavoritesRouter.swift */,
				6AFE7CB227EB2A8C003E13CC /* FavoritesViewController.swift */,
				6AFE7CB327EB2A8C003E13CC /* FavoritesViewModel.swift */,
			);
			path = Favorites;
			sourceTree = "<group>";
		};
		72DED1D4B549005493A66FAA /* Pods */ = {
			isa = PBXGroup;
			children = (
				EB8F4942F0285EBCC02E8DAE /* Pods-FodamyBerkay.debug.xcconfig */,
				313DD8A9DF56E4F88F11EBE8 /* Pods-FodamyBerkay.release.xcconfig */,
				3C71AE0C011BEA4C261766F7 /* Pods-FodamyBerkay-FodamyBerkayUITests.debug.xcconfig */,
				8443905E2023664C02FCB8D9 /* Pods-FodamyBerkay-FodamyBerkayUITests.release.xcconfig */,
				EBC0BF02CEE08240A9A01DEA /* Pods-FodamyBerkayTests.debug.xcconfig */,
				5682A3A0F33818D4C0526D87 /* Pods-FodamyBerkayTests.release.xcconfig */,
			);
			path = Pods;
			sourceTree = "<group>";
		};
		F0C07192B042BD750614DB69 /* Frameworks */ = {
			isa = PBXGroup;
			children = (
				6A13E29227D6418600AC93F0 /* Utilities.framework */,
				6A13E28F27D6417E00AC93F0 /* UIComponents.framework */,
				6A13E28B27D6417700AC93F0 /* DataProvider.framework */,
				AE1149CA25CB64720BFDCC3B /* Pods_FodamyBerkay.framework */,
				333119A1E17B279AA33F57C2 /* Pods_FodamyBerkay_FodamyBerkayUITests.framework */,
				8C02A5D0BEE76E62847F9927 /* Pods_FodamyBerkayTests.framework */,
			);
			name = Frameworks;
			sourceTree = "<group>";
		};
/* End PBXGroup section */

/* Begin PBXNativeTarget section */
		6AA5F6BF27D62A11004B6DE7 /* FodamyBerkay */ = {
			isa = PBXNativeTarget;
			buildConfigurationList = 6AA5F6EA27D62A15004B6DE7 /* Build configuration list for PBXNativeTarget "FodamyBerkay" */;
			buildPhases = (
				05F8AF53A54855C59319CC8A /* [CP] Check Pods Manifest.lock */,
				6A13E1AD27D62CBD00AC93F0 /* Run SwiftLint */,
				6AA5F6BC27D62A11004B6DE7 /* Sources */,
				6AA5F6BD27D62A11004B6DE7 /* Frameworks */,
				6AA5F6BE27D62A11004B6DE7 /* Resources */,
				6A13E28E27D6417700AC93F0 /* Embed Frameworks */,
				A9793F42A6C3F9F921FAD9FF /* [CP] Embed Pods Frameworks */,
			);
			buildRules = (
			);
			dependencies = (
			);
			name = FodamyBerkay;
			productName = FodamyBerkay;
			productReference = 6AA5F6C027D62A11004B6DE7 /* FodamyBerkay.app */;
			productType = "com.apple.product-type.application";
		};
		6AA5F6D527D62A15004B6DE7 /* FodamyBerkayTests */ = {
			isa = PBXNativeTarget;
			buildConfigurationList = 6AA5F6ED27D62A15004B6DE7 /* Build configuration list for PBXNativeTarget "FodamyBerkayTests" */;
			buildPhases = (
				A42D95E6A908495E194E5BCD /* [CP] Check Pods Manifest.lock */,
				6AA5F6D227D62A15004B6DE7 /* Sources */,
				6AA5F6D327D62A15004B6DE7 /* Frameworks */,
				6AA5F6D427D62A15004B6DE7 /* Resources */,
			);
			buildRules = (
			);
			dependencies = (
				6AA5F6D827D62A15004B6DE7 /* PBXTargetDependency */,
			);
			name = FodamyBerkayTests;
			productName = FodamyBerkayTests;
			productReference = 6AA5F6D627D62A15004B6DE7 /* FodamyBerkayTests.xctest */;
			productType = "com.apple.product-type.bundle.unit-test";
		};
		6AA5F6E027D62A15004B6DE7 /* FodamyBerkayUITests */ = {
			isa = PBXNativeTarget;
			buildConfigurationList = 6AA5F6F027D62A15004B6DE7 /* Build configuration list for PBXNativeTarget "FodamyBerkayUITests" */;
			buildPhases = (
				5872B74420DD9C6E3B3F4190 /* [CP] Check Pods Manifest.lock */,
				6AA5F6DD27D62A15004B6DE7 /* Sources */,
				6AA5F6DE27D62A15004B6DE7 /* Frameworks */,
				6AA5F6DF27D62A15004B6DE7 /* Resources */,
				FB75A45DBC9A3AD6C585ADF3 /* [CP] Embed Pods Frameworks */,
			);
			buildRules = (
			);
			dependencies = (
				6AA5F6E327D62A15004B6DE7 /* PBXTargetDependency */,
			);
			name = FodamyBerkayUITests;
			productName = FodamyBerkayUITests;
			productReference = 6AA5F6E127D62A15004B6DE7 /* FodamyBerkayUITests.xctest */;
			productType = "com.apple.product-type.bundle.ui-testing";
		};
/* End PBXNativeTarget section */

/* Begin PBXProject section */
		6AA5F6B827D62A11004B6DE7 /* Project object */ = {
			isa = PBXProject;
			attributes = {
				LastSwiftUpdateCheck = 1250;
				LastUpgradeCheck = 1250;
				TargetAttributes = {
					6AA5F6BF27D62A11004B6DE7 = {
						CreatedOnToolsVersion = 12.5.1;
						LastSwiftMigration = 1250;
					};
					6AA5F6D527D62A15004B6DE7 = {
						CreatedOnToolsVersion = 12.5.1;
						TestTargetID = 6AA5F6BF27D62A11004B6DE7;
					};
					6AA5F6E027D62A15004B6DE7 = {
						CreatedOnToolsVersion = 12.5.1;
						TestTargetID = 6AA5F6BF27D62A11004B6DE7;
					};
				};
			};
			buildConfigurationList = 6AA5F6BB27D62A11004B6DE7 /* Build configuration list for PBXProject "FodamyBerkay" */;
			compatibilityVersion = "Xcode 9.3";
			developmentRegion = en;
			hasScannedForEncodings = 0;
			knownRegions = (
				en,
				Base,
			);
			mainGroup = 6AA5F6B727D62A11004B6DE7;
			productRefGroup = 6AA5F6C127D62A11004B6DE7 /* Products */;
			projectDirPath = "";
			projectRoot = "";
			targets = (
				6AA5F6BF27D62A11004B6DE7 /* FodamyBerkay */,
				6AA5F6D527D62A15004B6DE7 /* FodamyBerkayTests */,
				6AA5F6E027D62A15004B6DE7 /* FodamyBerkayUITests */,
			);
		};
/* End PBXProject section */

/* Begin PBXResourcesBuildPhase section */
		6AA5F6BE27D62A11004B6DE7 /* Resources */ = {
			isa = PBXResourcesBuildPhase;
			buildActionMask = 2147483647;
			files = (
				6AA5F6D027D62A15004B6DE7 /* LaunchScreen.storyboard in Resources */,
				6AA5F6CD27D62A15004B6DE7 /* Assets.xcassets in Resources */,
			);
			runOnlyForDeploymentPostprocessing = 0;
		};
		6AA5F6D427D62A15004B6DE7 /* Resources */ = {
			isa = PBXResourcesBuildPhase;
			buildActionMask = 2147483647;
			files = (
			);
			runOnlyForDeploymentPostprocessing = 0;
		};
		6AA5F6DF27D62A15004B6DE7 /* Resources */ = {
			isa = PBXResourcesBuildPhase;
			buildActionMask = 2147483647;
			files = (
			);
			runOnlyForDeploymentPostprocessing = 0;
		};
/* End PBXResourcesBuildPhase section */

/* Begin PBXShellScriptBuildPhase section */
		05F8AF53A54855C59319CC8A /* [CP] Check Pods Manifest.lock */ = {
			isa = PBXShellScriptBuildPhase;
			buildActionMask = 2147483647;
			files = (
			);
			inputFileListPaths = (
			);
			inputPaths = (
				"${PODS_PODFILE_DIR_PATH}/Podfile.lock",
				"${PODS_ROOT}/Manifest.lock",
			);
			name = "[CP] Check Pods Manifest.lock";
			outputFileListPaths = (
			);
			outputPaths = (
				"$(DERIVED_FILE_DIR)/Pods-FodamyBerkay-checkManifestLockResult.txt",
			);
			runOnlyForDeploymentPostprocessing = 0;
			shellPath = /bin/sh;
			shellScript = "diff \"${PODS_PODFILE_DIR_PATH}/Podfile.lock\" \"${PODS_ROOT}/Manifest.lock\" > /dev/null\nif [ $? != 0 ] ; then\n    # print error to STDERR\n    echo \"error: The sandbox is not in sync with the Podfile.lock. Run 'pod install' or update your CocoaPods installation.\" >&2\n    exit 1\nfi\n# This output is used by Xcode 'outputs' to avoid re-running this script phase.\necho \"SUCCESS\" > \"${SCRIPT_OUTPUT_FILE_0}\"\n";
			showEnvVarsInLog = 0;
		};
		5872B74420DD9C6E3B3F4190 /* [CP] Check Pods Manifest.lock */ = {
			isa = PBXShellScriptBuildPhase;
			buildActionMask = 2147483647;
			files = (
			);
			inputFileListPaths = (
			);
			inputPaths = (
				"${PODS_PODFILE_DIR_PATH}/Podfile.lock",
				"${PODS_ROOT}/Manifest.lock",
			);
			name = "[CP] Check Pods Manifest.lock";
			outputFileListPaths = (
			);
			outputPaths = (
				"$(DERIVED_FILE_DIR)/Pods-FodamyBerkay-FodamyBerkayUITests-checkManifestLockResult.txt",
			);
			runOnlyForDeploymentPostprocessing = 0;
			shellPath = /bin/sh;
			shellScript = "diff \"${PODS_PODFILE_DIR_PATH}/Podfile.lock\" \"${PODS_ROOT}/Manifest.lock\" > /dev/null\nif [ $? != 0 ] ; then\n    # print error to STDERR\n    echo \"error: The sandbox is not in sync with the Podfile.lock. Run 'pod install' or update your CocoaPods installation.\" >&2\n    exit 1\nfi\n# This output is used by Xcode 'outputs' to avoid re-running this script phase.\necho \"SUCCESS\" > \"${SCRIPT_OUTPUT_FILE_0}\"\n";
			showEnvVarsInLog = 0;
		};
		6A13E1AD27D62CBD00AC93F0 /* Run SwiftLint */ = {
			isa = PBXShellScriptBuildPhase;
			buildActionMask = 2147483647;
			files = (
			);
			inputFileListPaths = (
			);
			inputPaths = (
			);
			name = "Run SwiftLint";
			outputFileListPaths = (
			);
			outputPaths = (
			);
			runOnlyForDeploymentPostprocessing = 0;
			shellPath = /bin/sh;
			shellScript = "\"${PODS_ROOT}/SwiftLint/swiftlint\"\n";
		};
		A42D95E6A908495E194E5BCD /* [CP] Check Pods Manifest.lock */ = {
			isa = PBXShellScriptBuildPhase;
			buildActionMask = 2147483647;
			files = (
			);
			inputFileListPaths = (
			);
			inputPaths = (
				"${PODS_PODFILE_DIR_PATH}/Podfile.lock",
				"${PODS_ROOT}/Manifest.lock",
			);
			name = "[CP] Check Pods Manifest.lock";
			outputFileListPaths = (
			);
			outputPaths = (
				"$(DERIVED_FILE_DIR)/Pods-FodamyBerkayTests-checkManifestLockResult.txt",
			);
			runOnlyForDeploymentPostprocessing = 0;
			shellPath = /bin/sh;
			shellScript = "diff \"${PODS_PODFILE_DIR_PATH}/Podfile.lock\" \"${PODS_ROOT}/Manifest.lock\" > /dev/null\nif [ $? != 0 ] ; then\n    # print error to STDERR\n    echo \"error: The sandbox is not in sync with the Podfile.lock. Run 'pod install' or update your CocoaPods installation.\" >&2\n    exit 1\nfi\n# This output is used by Xcode 'outputs' to avoid re-running this script phase.\necho \"SUCCESS\" > \"${SCRIPT_OUTPUT_FILE_0}\"\n";
			showEnvVarsInLog = 0;
		};
		A9793F42A6C3F9F921FAD9FF /* [CP] Embed Pods Frameworks */ = {
			isa = PBXShellScriptBuildPhase;
			buildActionMask = 2147483647;
			files = (
			);
			inputFileListPaths = (
				"${PODS_ROOT}/Target Support Files/Pods-FodamyBerkay/Pods-FodamyBerkay-frameworks-${CONFIGURATION}-input-files.xcfilelist",
			);
			name = "[CP] Embed Pods Frameworks";
			outputFileListPaths = (
				"${PODS_ROOT}/Target Support Files/Pods-FodamyBerkay/Pods-FodamyBerkay-frameworks-${CONFIGURATION}-output-files.xcfilelist",
			);
			runOnlyForDeploymentPostprocessing = 0;
			shellPath = /bin/sh;
			shellScript = "\"${PODS_ROOT}/Target Support Files/Pods-FodamyBerkay/Pods-FodamyBerkay-frameworks.sh\"\n";
			showEnvVarsInLog = 0;
		};
		FB75A45DBC9A3AD6C585ADF3 /* [CP] Embed Pods Frameworks */ = {
			isa = PBXShellScriptBuildPhase;
			buildActionMask = 2147483647;
			files = (
			);
			inputFileListPaths = (
				"${PODS_ROOT}/Target Support Files/Pods-FodamyBerkay-FodamyBerkayUITests/Pods-FodamyBerkay-FodamyBerkayUITests-frameworks-${CONFIGURATION}-input-files.xcfilelist",
			);
			name = "[CP] Embed Pods Frameworks";
			outputFileListPaths = (
				"${PODS_ROOT}/Target Support Files/Pods-FodamyBerkay-FodamyBerkayUITests/Pods-FodamyBerkay-FodamyBerkayUITests-frameworks-${CONFIGURATION}-output-files.xcfilelist",
			);
			runOnlyForDeploymentPostprocessing = 0;
			shellPath = /bin/sh;
			shellScript = "\"${PODS_ROOT}/Target Support Files/Pods-FodamyBerkay-FodamyBerkayUITests/Pods-FodamyBerkay-FodamyBerkayUITests-frameworks.sh\"\n";
			showEnvVarsInLog = 0;
		};
/* End PBXShellScriptBuildPhase section */

/* Begin PBXSourcesBuildPhase section */
		6AA5F6BC27D62A11004B6DE7 /* Sources */ = {
			isa = PBXSourcesBuildPhase;
			buildActionMask = 2147483647;
			files = (
				6A07E14727E0CF18002ED268 /* RecipesViewModel.swift in Sources */,
				6A60C80E27EF5C5700DFC292 /* LoginReminderRoute.swift in Sources */,
				6A07E12327DD564A002ED268 /* HomeViewModel.swift in Sources */,
				6A07E0FD27DB36C7002ED268 /* BaseViewController.swift in Sources */,
				6A60C80B27EF5C4000DFC292 /* LoginReminderViewController.swift in Sources */,
				6A07E12D27DD66FB002ED268 /* MainTabBarController.swift in Sources */,
				6AF5D81627EC62E40056D024 /* RecipeDetailRoute.swift in Sources */,
				6ADAEFC227F19A2700F4BA28 /* LoginRouter.swift in Sources */,
				6ADAEFC427F19A2700F4BA28 /* LoginViewModel.swift in Sources */,
				6AF5D84F27EE16E10056D024 /* RecipeDetailHeaderView.swift in Sources */,
				6A07E10627DB391B002ED268 /* WalkthroughViewModel.swift in Sources */,
				6A07E14627E0CF18002ED268 /* RecipesViewController.swift in Sources */,
				6A07E14527E0CF18002ED268 /* RecipesRouter.swift in Sources */,
				6A60C80C27EF5C4000DFC292 /* LoginReminderViewModel.swift in Sources */,
				6AF5D81327EC62CF0056D024 /* RecipeDetailViewController.swift in Sources */,
				6ADAEFC627F19A4400F4BA28 /* LoginRoute.swift in Sources */,
				6ADAEFE427F19FF000F4BA28 /* ForgotPasswordRoute.swift in Sources */,
				6A13E2A427D6496800AC93F0 /* Transition.swift in Sources */,
				6A13E2A227D6493200AC93F0 /* ModalTransition.swift in Sources */,
				6A07E12127DD564A002ED268 /* HomeRouter.swift in Sources */,
				6A07E16C27E2061F002ED268 /* DataProvider.swift in Sources */,
				6A07E10427DB391B002ED268 /* WalkthroughRouter.swift in Sources */,
				6A07E14927E0CF47002ED268 /* RecipesRoute.swift in Sources */,
				6ADAEFDA27F19FB300F4BA28 /* SignUpViewModel.swift in Sources */,
				6A07E0FF27DB36CC002ED268 /* BaseViewModel.swift in Sources */,
				6A07E10527DB391B002ED268 /* WalkthroughViewController.swift in Sources */,
				6A07E12927DD6323002ED268 /* MainNavigationController.swift in Sources */,
				6AFE7CB627EB2A8C003E13CC /* FavoritesViewModel.swift in Sources */,
				6A13E2A827D649ED00AC93F0 /* Router.swift in Sources */,
				6A07E16827E205B5002ED268 /* ApiLogger.swift in Sources */,
				6A13E2AA27D64A0A00AC93F0 /* Animator.swift in Sources */,
				6A13E2BD27D65CDB00AC93F0 /* AppRouter.swift in Sources */,
				6A07E13027DD67BA002ED268 /* MainTabBarRoute.swift in Sources */,
				6A07E12227DD564A002ED268 /* HomeViewController.swift in Sources */,
				6A60C81327EFC9BD00DFC292 /* PhotoDelegate.swift in Sources */,
				6A07E0FA27DB35E2002ED268 /* WalkthroughRoute.swift in Sources */,
				6ADAEFC327F19A2700F4BA28 /* LoginViewController.swift in Sources */,
				6ADAEFC827F19A9200F4BA28 /* TransparentNavigationController.swift in Sources */,
				6ADAEFD927F19FB300F4BA28 /* SignUpViewController.swift in Sources */,
				6ADAEFD827F19FB300F4BA28 /* SignUpRouter.swift in Sources */,
				6A13E2A027D648FE00AC93F0 /* PushTransition.swift in Sources */,
				6A07E16A27E20600002ED268 /* APIRequestInterceptor.swift in Sources */,
				6AA5F6C427D62A11004B6DE7 /* AppDelegate.swift in Sources */,
				6ADAEFE227F19FDE00F4BA28 /* ForgotPasswordViewModel.swift in Sources */,
				6ADAEFDC27F19FC600F4BA28 /* SignUpRoute.swift in Sources */,
				6A07E12527DD56A3002ED268 /* HomeRoute.swift in Sources */,
				6A13E2A627D649B000AC93F0 /* PlaceOnWindowTransition.swift in Sources */,
				6AF5D84D27EE16000056D024 /* SKPhotoBrowserRoute.swift in Sources */,
				6AFE7CB527EB2A8C003E13CC /* FavoritesViewController.swift in Sources */,
				6ADAEFE127F19FDE00F4BA28 /* ForgotPasswordViewController.swift in Sources */,
				6A60C80A27EF5C4000DFC292 /* LoginReminderRouter.swift in Sources */,
				6AFE7CB427EB2A8C003E13CC /* FavoritesRouter.swift in Sources */,
				6AF5D81227EC62CF0056D024 /* RecipeDetailRouter.swift in Sources */,
				6ADAEFE027F19FDE00F4BA28 /* ForgotPasswordRouter.swift in Sources */,
				6AF5D81427EC62CF0056D024 /* RecipeDetailViewModel.swift in Sources */,
			);
			runOnlyForDeploymentPostprocessing = 0;
		};
		6AA5F6D227D62A15004B6DE7 /* Sources */ = {
			isa = PBXSourcesBuildPhase;
			buildActionMask = 2147483647;
			files = (
				6AA5F6DB27D62A15004B6DE7 /* FodamyBerkayTests.swift in Sources */,
			);
			runOnlyForDeploymentPostprocessing = 0;
		};
		6AA5F6DD27D62A15004B6DE7 /* Sources */ = {
			isa = PBXSourcesBuildPhase;
			buildActionMask = 2147483647;
			files = (
				6AA5F6E627D62A15004B6DE7 /* FodamyBerkayUITests.swift in Sources */,
			);
			runOnlyForDeploymentPostprocessing = 0;
		};
/* End PBXSourcesBuildPhase section */

/* Begin PBXTargetDependency section */
		6AA5F6D827D62A15004B6DE7 /* PBXTargetDependency */ = {
			isa = PBXTargetDependency;
			target = 6AA5F6BF27D62A11004B6DE7 /* FodamyBerkay */;
			targetProxy = 6AA5F6D727D62A15004B6DE7 /* PBXContainerItemProxy */;
		};
		6AA5F6E327D62A15004B6DE7 /* PBXTargetDependency */ = {
			isa = PBXTargetDependency;
			target = 6AA5F6BF27D62A11004B6DE7 /* FodamyBerkay */;
			targetProxy = 6AA5F6E227D62A15004B6DE7 /* PBXContainerItemProxy */;
		};
/* End PBXTargetDependency section */

/* Begin PBXVariantGroup section */
		6AA5F6CE27D62A15004B6DE7 /* LaunchScreen.storyboard */ = {
			isa = PBXVariantGroup;
			children = (
				6AA5F6CF27D62A15004B6DE7 /* Base */,
			);
			name = LaunchScreen.storyboard;
			sourceTree = "<group>";
		};
/* End PBXVariantGroup section */

/* Begin XCBuildConfiguration section */
		6AA5F6E827D62A15004B6DE7 /* Debug */ = {
			isa = XCBuildConfiguration;
			buildSettings = {
				ALWAYS_SEARCH_USER_PATHS = NO;
				CLANG_ANALYZER_NONNULL = YES;
				CLANG_ANALYZER_NUMBER_OBJECT_CONVERSION = YES_AGGRESSIVE;
				CLANG_CXX_LANGUAGE_STANDARD = "gnu++14";
				CLANG_CXX_LIBRARY = "libc++";
				CLANG_ENABLE_MODULES = YES;
				CLANG_ENABLE_OBJC_ARC = YES;
				CLANG_ENABLE_OBJC_WEAK = YES;
				CLANG_WARN_BLOCK_CAPTURE_AUTORELEASING = YES;
				CLANG_WARN_BOOL_CONVERSION = YES;
				CLANG_WARN_COMMA = YES;
				CLANG_WARN_CONSTANT_CONVERSION = YES;
				CLANG_WARN_DEPRECATED_OBJC_IMPLEMENTATIONS = YES;
				CLANG_WARN_DIRECT_OBJC_ISA_USAGE = YES_ERROR;
				CLANG_WARN_DOCUMENTATION_COMMENTS = YES;
				CLANG_WARN_EMPTY_BODY = YES;
				CLANG_WARN_ENUM_CONVERSION = YES;
				CLANG_WARN_INFINITE_RECURSION = YES;
				CLANG_WARN_INT_CONVERSION = YES;
				CLANG_WARN_NON_LITERAL_NULL_CONVERSION = YES;
				CLANG_WARN_OBJC_IMPLICIT_RETAIN_SELF = YES;
				CLANG_WARN_OBJC_LITERAL_CONVERSION = YES;
				CLANG_WARN_OBJC_ROOT_CLASS = YES_ERROR;
				CLANG_WARN_QUOTED_INCLUDE_IN_FRAMEWORK_HEADER = YES;
				CLANG_WARN_RANGE_LOOP_ANALYSIS = YES;
				CLANG_WARN_STRICT_PROTOTYPES = YES;
				CLANG_WARN_SUSPICIOUS_MOVE = YES;
				CLANG_WARN_UNGUARDED_AVAILABILITY = YES_AGGRESSIVE;
				CLANG_WARN_UNREACHABLE_CODE = YES;
				CLANG_WARN__DUPLICATE_METHOD_MATCH = YES;
				COPY_PHASE_STRIP = NO;
				DEBUG_INFORMATION_FORMAT = dwarf;
				ENABLE_STRICT_OBJC_MSGSEND = YES;
				ENABLE_TESTABILITY = YES;
				GCC_C_LANGUAGE_STANDARD = gnu11;
				GCC_DYNAMIC_NO_PIC = NO;
				GCC_NO_COMMON_BLOCKS = YES;
				GCC_OPTIMIZATION_LEVEL = 0;
				GCC_PREPROCESSOR_DEFINITIONS = (
					"DEBUG=1",
					"$(inherited)",
				);
				GCC_WARN_64_TO_32_BIT_CONVERSION = YES;
				GCC_WARN_ABOUT_RETURN_TYPE = YES_ERROR;
				GCC_WARN_UNDECLARED_SELECTOR = YES;
				GCC_WARN_UNINITIALIZED_AUTOS = YES_AGGRESSIVE;
				GCC_WARN_UNUSED_FUNCTION = YES;
				GCC_WARN_UNUSED_VARIABLE = YES;
				IPHONEOS_DEPLOYMENT_TARGET = 14.5;
				MTL_ENABLE_DEBUG_INFO = INCLUDE_SOURCE;
				MTL_FAST_MATH = YES;
				ONLY_ACTIVE_ARCH = YES;
				SDKROOT = iphoneos;
				SWIFT_ACTIVE_COMPILATION_CONDITIONS = DEBUG;
				SWIFT_OPTIMIZATION_LEVEL = "-Onone";
			};
			name = Debug;
		};
		6AA5F6E927D62A15004B6DE7 /* Release */ = {
			isa = XCBuildConfiguration;
			buildSettings = {
				ALWAYS_SEARCH_USER_PATHS = NO;
				CLANG_ANALYZER_NONNULL = YES;
				CLANG_ANALYZER_NUMBER_OBJECT_CONVERSION = YES_AGGRESSIVE;
				CLANG_CXX_LANGUAGE_STANDARD = "gnu++14";
				CLANG_CXX_LIBRARY = "libc++";
				CLANG_ENABLE_MODULES = YES;
				CLANG_ENABLE_OBJC_ARC = YES;
				CLANG_ENABLE_OBJC_WEAK = YES;
				CLANG_WARN_BLOCK_CAPTURE_AUTORELEASING = YES;
				CLANG_WARN_BOOL_CONVERSION = YES;
				CLANG_WARN_COMMA = YES;
				CLANG_WARN_CONSTANT_CONVERSION = YES;
				CLANG_WARN_DEPRECATED_OBJC_IMPLEMENTATIONS = YES;
				CLANG_WARN_DIRECT_OBJC_ISA_USAGE = YES_ERROR;
				CLANG_WARN_DOCUMENTATION_COMMENTS = YES;
				CLANG_WARN_EMPTY_BODY = YES;
				CLANG_WARN_ENUM_CONVERSION = YES;
				CLANG_WARN_INFINITE_RECURSION = YES;
				CLANG_WARN_INT_CONVERSION = YES;
				CLANG_WARN_NON_LITERAL_NULL_CONVERSION = YES;
				CLANG_WARN_OBJC_IMPLICIT_RETAIN_SELF = YES;
				CLANG_WARN_OBJC_LITERAL_CONVERSION = YES;
				CLANG_WARN_OBJC_ROOT_CLASS = YES_ERROR;
				CLANG_WARN_QUOTED_INCLUDE_IN_FRAMEWORK_HEADER = YES;
				CLANG_WARN_RANGE_LOOP_ANALYSIS = YES;
				CLANG_WARN_STRICT_PROTOTYPES = YES;
				CLANG_WARN_SUSPICIOUS_MOVE = YES;
				CLANG_WARN_UNGUARDED_AVAILABILITY = YES_AGGRESSIVE;
				CLANG_WARN_UNREACHABLE_CODE = YES;
				CLANG_WARN__DUPLICATE_METHOD_MATCH = YES;
				COPY_PHASE_STRIP = NO;
				DEBUG_INFORMATION_FORMAT = "dwarf-with-dsym";
				ENABLE_NS_ASSERTIONS = NO;
				ENABLE_STRICT_OBJC_MSGSEND = YES;
				GCC_C_LANGUAGE_STANDARD = gnu11;
				GCC_NO_COMMON_BLOCKS = YES;
				GCC_WARN_64_TO_32_BIT_CONVERSION = YES;
				GCC_WARN_ABOUT_RETURN_TYPE = YES_ERROR;
				GCC_WARN_UNDECLARED_SELECTOR = YES;
				GCC_WARN_UNINITIALIZED_AUTOS = YES_AGGRESSIVE;
				GCC_WARN_UNUSED_FUNCTION = YES;
				GCC_WARN_UNUSED_VARIABLE = YES;
				IPHONEOS_DEPLOYMENT_TARGET = 14.5;
				MTL_ENABLE_DEBUG_INFO = NO;
				MTL_FAST_MATH = YES;
				SDKROOT = iphoneos;
				SWIFT_COMPILATION_MODE = wholemodule;
				SWIFT_OPTIMIZATION_LEVEL = "-O";
				VALIDATE_PRODUCT = YES;
			};
			name = Release;
		};
		6AA5F6EB27D62A15004B6DE7 /* Debug */ = {
			isa = XCBuildConfiguration;
			baseConfigurationReference = EB8F4942F0285EBCC02E8DAE /* Pods-FodamyBerkay.debug.xcconfig */;
			buildSettings = {
				ASSETCATALOG_COMPILER_APPICON_NAME = AppIcon;
				ASSETCATALOG_COMPILER_GLOBAL_ACCENT_COLOR_NAME = AccentColor;
				CLANG_ENABLE_MODULES = YES;
				CODE_SIGN_STYLE = Automatic;
				DEVELOPMENT_TEAM = T2Z6Q6SV9B;
				INFOPLIST_FILE = FodamyBerkay/Info.plist;
				IPHONEOS_DEPLOYMENT_TARGET = 11.0;
				LD_RUNPATH_SEARCH_PATHS = (
					"$(inherited)",
					"@executable_path/Frameworks",
				);
				PRODUCT_BUNDLE_IDENTIFIER = com.mbk.FodamyBerkay;
				PRODUCT_NAME = "$(TARGET_NAME)";
				SWIFT_OBJC_BRIDGING_HEADER = "FodamyBerkay/Configurations/BridgingHeader/FodamyBerkay-Bridging-Header.h";
				SWIFT_OPTIMIZATION_LEVEL = "-Onone";
				SWIFT_VERSION = 5.0;
				TARGETED_DEVICE_FAMILY = "1,2";
			};
			name = Debug;
		};
		6AA5F6EC27D62A15004B6DE7 /* Release */ = {
			isa = XCBuildConfiguration;
			baseConfigurationReference = 313DD8A9DF56E4F88F11EBE8 /* Pods-FodamyBerkay.release.xcconfig */;
			buildSettings = {
				ASSETCATALOG_COMPILER_APPICON_NAME = AppIcon;
				ASSETCATALOG_COMPILER_GLOBAL_ACCENT_COLOR_NAME = AccentColor;
				CLANG_ENABLE_MODULES = YES;
				CODE_SIGN_STYLE = Automatic;
				DEVELOPMENT_TEAM = T2Z6Q6SV9B;
				INFOPLIST_FILE = FodamyBerkay/Info.plist;
				IPHONEOS_DEPLOYMENT_TARGET = 11.0;
				LD_RUNPATH_SEARCH_PATHS = (
					"$(inherited)",
					"@executable_path/Frameworks",
				);
				PRODUCT_BUNDLE_IDENTIFIER = com.mbk.FodamyBerkay;
				PRODUCT_NAME = "$(TARGET_NAME)";
				SWIFT_OBJC_BRIDGING_HEADER = "FodamyBerkay/Configurations/BridgingHeader/FodamyBerkay-Bridging-Header.h";
				SWIFT_VERSION = 5.0;
				TARGETED_DEVICE_FAMILY = "1,2";
			};
			name = Release;
		};
		6AA5F6EE27D62A15004B6DE7 /* Debug */ = {
			isa = XCBuildConfiguration;
			baseConfigurationReference = EBC0BF02CEE08240A9A01DEA /* Pods-FodamyBerkayTests.debug.xcconfig */;
			buildSettings = {
				ALWAYS_EMBED_SWIFT_STANDARD_LIBRARIES = YES;
				BUNDLE_LOADER = "$(TEST_HOST)";
				CODE_SIGN_STYLE = Automatic;
				DEVELOPMENT_TEAM = T2Z6Q6SV9B;
				INFOPLIST_FILE = FodamyBerkayTests/Info.plist;
				IPHONEOS_DEPLOYMENT_TARGET = 14.5;
				LD_RUNPATH_SEARCH_PATHS = (
					"$(inherited)",
					"@executable_path/Frameworks",
					"@loader_path/Frameworks",
				);
				PRODUCT_BUNDLE_IDENTIFIER = com.mbk.FodamyBerkayTests;
				PRODUCT_NAME = "$(TARGET_NAME)";
				SWIFT_VERSION = 5.0;
				TARGETED_DEVICE_FAMILY = "1,2";
				TEST_HOST = "$(BUILT_PRODUCTS_DIR)/FodamyBerkay.app/FodamyBerkay";
			};
			name = Debug;
		};
		6AA5F6EF27D62A15004B6DE7 /* Release */ = {
			isa = XCBuildConfiguration;
			baseConfigurationReference = 5682A3A0F33818D4C0526D87 /* Pods-FodamyBerkayTests.release.xcconfig */;
			buildSettings = {
				ALWAYS_EMBED_SWIFT_STANDARD_LIBRARIES = YES;
				BUNDLE_LOADER = "$(TEST_HOST)";
				CODE_SIGN_STYLE = Automatic;
				DEVELOPMENT_TEAM = T2Z6Q6SV9B;
				INFOPLIST_FILE = FodamyBerkayTests/Info.plist;
				IPHONEOS_DEPLOYMENT_TARGET = 14.5;
				LD_RUNPATH_SEARCH_PATHS = (
					"$(inherited)",
					"@executable_path/Frameworks",
					"@loader_path/Frameworks",
				);
				PRODUCT_BUNDLE_IDENTIFIER = com.mbk.FodamyBerkayTests;
				PRODUCT_NAME = "$(TARGET_NAME)";
				SWIFT_VERSION = 5.0;
				TARGETED_DEVICE_FAMILY = "1,2";
				TEST_HOST = "$(BUILT_PRODUCTS_DIR)/FodamyBerkay.app/FodamyBerkay";
			};
			name = Release;
		};
		6AA5F6F127D62A15004B6DE7 /* Debug */ = {
			isa = XCBuildConfiguration;
			baseConfigurationReference = 3C71AE0C011BEA4C261766F7 /* Pods-FodamyBerkay-FodamyBerkayUITests.debug.xcconfig */;
			buildSettings = {
				ALWAYS_EMBED_SWIFT_STANDARD_LIBRARIES = YES;
				CODE_SIGN_STYLE = Automatic;
				DEVELOPMENT_TEAM = T2Z6Q6SV9B;
				INFOPLIST_FILE = FodamyBerkayUITests/Info.plist;
				LD_RUNPATH_SEARCH_PATHS = (
					"$(inherited)",
					"@executable_path/Frameworks",
					"@loader_path/Frameworks",
				);
				PRODUCT_BUNDLE_IDENTIFIER = com.mbk.FodamyBerkayUITests;
				PRODUCT_NAME = "$(TARGET_NAME)";
				SWIFT_VERSION = 5.0;
				TARGETED_DEVICE_FAMILY = "1,2";
				TEST_TARGET_NAME = FodamyBerkay;
			};
			name = Debug;
		};
		6AA5F6F227D62A15004B6DE7 /* Release */ = {
			isa = XCBuildConfiguration;
			baseConfigurationReference = 8443905E2023664C02FCB8D9 /* Pods-FodamyBerkay-FodamyBerkayUITests.release.xcconfig */;
			buildSettings = {
				ALWAYS_EMBED_SWIFT_STANDARD_LIBRARIES = YES;
				CODE_SIGN_STYLE = Automatic;
				DEVELOPMENT_TEAM = T2Z6Q6SV9B;
				INFOPLIST_FILE = FodamyBerkayUITests/Info.plist;
				LD_RUNPATH_SEARCH_PATHS = (
					"$(inherited)",
					"@executable_path/Frameworks",
					"@loader_path/Frameworks",
				);
				PRODUCT_BUNDLE_IDENTIFIER = com.mbk.FodamyBerkayUITests;
				PRODUCT_NAME = "$(TARGET_NAME)";
				SWIFT_VERSION = 5.0;
				TARGETED_DEVICE_FAMILY = "1,2";
				TEST_TARGET_NAME = FodamyBerkay;
			};
			name = Release;
		};
/* End XCBuildConfiguration section */

/* Begin XCConfigurationList section */
		6AA5F6BB27D62A11004B6DE7 /* Build configuration list for PBXProject "FodamyBerkay" */ = {
			isa = XCConfigurationList;
			buildConfigurations = (
				6AA5F6E827D62A15004B6DE7 /* Debug */,
				6AA5F6E927D62A15004B6DE7 /* Release */,
			);
			defaultConfigurationIsVisible = 0;
			defaultConfigurationName = Release;
		};
		6AA5F6EA27D62A15004B6DE7 /* Build configuration list for PBXNativeTarget "FodamyBerkay" */ = {
			isa = XCConfigurationList;
			buildConfigurations = (
				6AA5F6EB27D62A15004B6DE7 /* Debug */,
				6AA5F6EC27D62A15004B6DE7 /* Release */,
			);
			defaultConfigurationIsVisible = 0;
			defaultConfigurationName = Release;
		};
		6AA5F6ED27D62A15004B6DE7 /* Build configuration list for PBXNativeTarget "FodamyBerkayTests" */ = {
			isa = XCConfigurationList;
			buildConfigurations = (
				6AA5F6EE27D62A15004B6DE7 /* Debug */,
				6AA5F6EF27D62A15004B6DE7 /* Release */,
			);
			defaultConfigurationIsVisible = 0;
			defaultConfigurationName = Release;
		};
		6AA5F6F027D62A15004B6DE7 /* Build configuration list for PBXNativeTarget "FodamyBerkayUITests" */ = {
			isa = XCConfigurationList;
			buildConfigurations = (
				6AA5F6F127D62A15004B6DE7 /* Debug */,
				6AA5F6F227D62A15004B6DE7 /* Release */,
			);
			defaultConfigurationIsVisible = 0;
			defaultConfigurationName = Release;
		};
/* End XCConfigurationList section */
	};
	rootObject = 6AA5F6B827D62A11004B6DE7 /* Project object */;
}
